
Microsoft Visual Studio Solution File, Format Version 12.00
# Visual Studio Version 16
VisualStudioVersion = 16.0.31019.35
MinimumVisualStudioVersion = 10.0.40219.1
Project("{FAE04EC0-301F-11D3-BF4B-00C04F79EFBC}") = "PSDProject", "PSDProject.csproj", "{8B3DEF22-0C53-4740-A8D1-D67CFC2AD532}"
EndProject
Global
	GlobalSection(SolutionConfigurationPlatforms) = preSolution
		Debug|Any CPU = Debug|Any CPU
		Release|Any CPU = Release|Any CPU
	EndGlobalSection
	GlobalSection(ProjectConfigurationPlatforms) = postSolution
		{8B3DEF22-0C53-4740-A8D1-D67CFC2AD532}.Debug|Any CPU.ActiveCfg = Debug|Any CPU
		{8B3DEF22-0C53-4740-A8D1-D67CFC2AD532}.Debug|Any CPU.Build.0 = Debug|Any CPU
		{8B3DEF22-0C53-4740-A8D1-D67CFC2AD532}.Release|Any CPU.ActiveCfg = Release|Any CPU
		{8B3DEF22-0C53-4740-A8D1-D67CFC2AD532}.Release|Any CPU.Build.0 = Release|Any CPU
	EndGlobalSection
	GlobalSection(SolutionProperties) = preSolution
		HideSolutionNode = FALSE
	EndGlobalSection
	GlobalSection(ExtensibilityGlobals) = postSolution
		SolutionGuid = {0D087750-6F25-4C39-AEBF-B014E987EFE1}
	EndGlobalSection
EndGlobal
